// !$*UTF8*$!
{
	archiveVersion = 1;
	classes = {
	};
	objectVersion = 50;
	objects = {

/* Begin PBXBuildFile section */
		C36D834D008C8352438A9A02 /* Pods_Memento.framework in Frameworks */ = {isa = PBXBuildFile; fileRef = CA7FC780BFF6C7979C58E022 /* Pods_Memento.framework */; };
		D97C21DD21C10DB100153B95 /* ProfileViewController.swift in Sources */ = {isa = PBXBuildFile; fileRef = D97C21DC21C10DB100153B95 /* ProfileViewController.swift */; };
		D97C21E121C10E1200153B95 /* SearchUserViewController.swift in Sources */ = {isa = PBXBuildFile; fileRef = D97C21E021C10E1200153B95 /* SearchUserViewController.swift */; };
		D97C21E321C10E3400153B95 /* DetailedUserViewController.swift in Sources */ = {isa = PBXBuildFile; fileRef = D97C21E221C10E3400153B95 /* DetailedUserViewController.swift */; };
		D97C21E921C1A8ED00153B95 /* NoteViewController.swift in Sources */ = {isa = PBXBuildFile; fileRef = D97C21E821C1A8ED00153B95 /* NoteViewController.swift */; };
		D97C6C3C21BAF74B00B3813C /* UserModel.swift in Sources */ = {isa = PBXBuildFile; fileRef = D97C6C3B21BAF74B00B3813C /* UserModel.swift */; };
		D98DC07D21C5B318002787E9 /* NoteModel.swift in Sources */ = {isa = PBXBuildFile; fileRef = D98DC07C21C5B318002787E9 /* NoteModel.swift */; };
		D98DC07F21C5CE5A002787E9 /* ProfileModel.swift in Sources */ = {isa = PBXBuildFile; fileRef = D98DC07E21C5CE5A002787E9 /* ProfileModel.swift */; };
		D98DC08121C5CE69002787E9 /* SearchModel.swift in Sources */ = {isa = PBXBuildFile; fileRef = D98DC08021C5CE69002787E9 /* SearchModel.swift */; };
		D98DC08321C6C850002787E9 /* DetailedUserModel.swift in Sources */ = {isa = PBXBuildFile; fileRef = D98DC08221C6C850002787E9 /* DetailedUserModel.swift */; };
		D9D141A721B6ED4A00A9F71C /* Assets.xcassets in Resources */ = {isa = PBXBuildFile; fileRef = D9D141A621B6ED4A00A9F71C /* Assets.xcassets */; };
		D9D141A921B7299B00A9F71C /* LoginViewController.swift in Sources */ = {isa = PBXBuildFile; fileRef = D9D141A821B7299B00A9F71C /* LoginViewController.swift */; };
		D9D141AC21B72A5E00A9F71C /* SignUpViewController.swift in Sources */ = {isa = PBXBuildFile; fileRef = D9D141AB21B72A5E00A9F71C /* SignUpViewController.swift */; };
		D9D9DC8821A4522900ED7D01 /* AppDelegate.swift in Sources */ = {isa = PBXBuildFile; fileRef = D9D9DC8721A4522900ED7D01 /* AppDelegate.swift */; };
		D9D9DC8A21A4522900ED7D01 /* ViewController.swift in Sources */ = {isa = PBXBuildFile; fileRef = D9D9DC8921A4522900ED7D01 /* ViewController.swift */; };
		D9D9DC8D21A4522900ED7D01 /* Main.storyboard in Resources */ = {isa = PBXBuildFile; fileRef = D9D9DC8B21A4522900ED7D01 /* Main.storyboard */; };
		D9D9DC9221A4522B00ED7D01 /* LaunchScreen.storyboard in Resources */ = {isa = PBXBuildFile; fileRef = D9D9DC9021A4522B00ED7D01 /* LaunchScreen.storyboard */; };
		D9D9DC9B21A469A700ED7D01 /* MainPageTabBarController.swift in Sources */ = {isa = PBXBuildFile; fileRef = D9D9DC9A21A469A700ED7D01 /* MainPageTabBarController.swift */; };
/* End PBXBuildFile section */

/* Begin PBXFileReference section */
		1F7258168D67FECE98B0FE28 /* Pods-Memento.release.xcconfig */ = {isa = PBXFileReference; includeInIndex = 1; lastKnownFileType = text.xcconfig; name = "Pods-Memento.release.xcconfig"; path = "Pods/Target Support Files/Pods-Memento/Pods-Memento.release.xcconfig"; sourceTree = "<group>"; };
		5E61734F26103A665159BB21 /* Pods-Memento.debug.xcconfig */ = {isa = PBXFileReference; includeInIndex = 1; lastKnownFileType = text.xcconfig; name = "Pods-Memento.debug.xcconfig"; path = "Pods/Target Support Files/Pods-Memento/Pods-Memento.debug.xcconfig"; sourceTree = "<group>"; };
		CA7FC780BFF6C7979C58E022 /* Pods_Memento.framework */ = {isa = PBXFileReference; explicitFileType = wrapper.framework; includeInIndex = 0; path = Pods_Memento.framework; sourceTree = BUILT_PRODUCTS_DIR; };
		D97C21DC21C10DB100153B95 /* ProfileViewController.swift */ = {isa = PBXFileReference; lastKnownFileType = sourcecode.swift; path = ProfileViewController.swift; sourceTree = "<group>"; };
		D97C21E021C10E1200153B95 /* SearchUserViewController.swift */ = {isa = PBXFileReference; lastKnownFileType = sourcecode.swift; path = SearchUserViewController.swift; sourceTree = "<group>"; };
		D97C21E221C10E3400153B95 /* DetailedUserViewController.swift */ = {isa = PBXFileReference; lastKnownFileType = sourcecode.swift; path = DetailedUserViewController.swift; sourceTree = "<group>"; };
		D97C21E821C1A8ED00153B95 /* NoteViewController.swift */ = {isa = PBXFileReference; lastKnownFileType = sourcecode.swift; path = NoteViewController.swift; sourceTree = "<group>"; };
		D97C6C3B21BAF74B00B3813C /* UserModel.swift */ = {isa = PBXFileReference; lastKnownFileType = sourcecode.swift; path = UserModel.swift; sourceTree = "<group>"; };
		D98DC07C21C5B318002787E9 /* NoteModel.swift */ = {isa = PBXFileReference; lastKnownFileType = sourcecode.swift; path = NoteModel.swift; sourceTree = "<group>"; };
		D98DC07E21C5CE5A002787E9 /* ProfileModel.swift */ = {isa = PBXFileReference; lastKnownFileType = sourcecode.swift; path = ProfileModel.swift; sourceTree = "<group>"; };
		D98DC08021C5CE69002787E9 /* SearchModel.swift */ = {isa = PBXFileReference; lastKnownFileType = sourcecode.swift; path = SearchModel.swift; sourceTree = "<group>"; };
		D98DC08221C6C850002787E9 /* DetailedUserModel.swift */ = {isa = PBXFileReference; lastKnownFileType = sourcecode.swift; path = DetailedUserModel.swift; sourceTree = "<group>"; };
		D9D141A621B6ED4A00A9F71C /* Assets.xcassets */ = {isa = PBXFileReference; lastKnownFileType = folder.assetcatalog; name = Assets.xcassets; path = Memento/Assets.xcassets; sourceTree = SOURCE_ROOT; };
		D9D141A821B7299B00A9F71C /* LoginViewController.swift */ = {isa = PBXFileReference; lastKnownFileType = sourcecode.swift; path = LoginViewController.swift; sourceTree = "<group>"; };
		D9D141AB21B72A5E00A9F71C /* SignUpViewController.swift */ = {isa = PBXFileReference; lastKnownFileType = sourcecode.swift; path = SignUpViewController.swift; sourceTree = "<group>"; };
		D9D9DC8421A4522900ED7D01 /* Memento.app */ = {isa = PBXFileReference; explicitFileType = wrapper.application; includeInIndex = 0; path = Memento.app; sourceTree = BUILT_PRODUCTS_DIR; };
		D9D9DC8721A4522900ED7D01 /* AppDelegate.swift */ = {isa = PBXFileReference; lastKnownFileType = sourcecode.swift; path = AppDelegate.swift; sourceTree = "<group>"; };
		D9D9DC8921A4522900ED7D01 /* ViewController.swift */ = {isa = PBXFileReference; lastKnownFileType = sourcecode.swift; path = ViewController.swift; sourceTree = "<group>"; };
		D9D9DC8C21A4522900ED7D01 /* Base */ = {isa = PBXFileReference; lastKnownFileType = file.storyboard; name = Base; path = Base.lproj/Main.storyboard; sourceTree = "<group>"; };
		D9D9DC9121A4522B00ED7D01 /* Base */ = {isa = PBXFileReference; lastKnownFileType = file.storyboard; name = Base; path = Base.lproj/LaunchScreen.storyboard; sourceTree = "<group>"; };
		D9D9DC9321A4522B00ED7D01 /* Info.plist */ = {isa = PBXFileReference; lastKnownFileType = text.plist.xml; path = Info.plist; sourceTree = "<group>"; };
		D9D9DC9A21A469A700ED7D01 /* MainPageTabBarController.swift */ = {isa = PBXFileReference; lastKnownFileType = sourcecode.swift; path = MainPageTabBarController.swift; sourceTree = "<group>"; };
/* End PBXFileReference section */

/* Begin PBXFrameworksBuildPhase section */
		D9D9DC8121A4522900ED7D01 /* Frameworks */ = {
			isa = PBXFrameworksBuildPhase;
			buildActionMask = 2147483647;
			files = (
				C36D834D008C8352438A9A02 /* Pods_Memento.framework in Frameworks */,
			);
			runOnlyForDeploymentPostprocessing = 0;
		};
/* End PBXFrameworksBuildPhase section */

/* Begin PBXGroup section */
		3D3D7EAB6B7B45EE00634747 /* Pods */ = {
			isa = PBXGroup;
			children = (
				5E61734F26103A665159BB21 /* Pods-Memento.debug.xcconfig */,
				1F7258168D67FECE98B0FE28 /* Pods-Memento.release.xcconfig */,
			);
			name = Pods;
			sourceTree = "<group>";
		};
		D5806842FB32CEEEFEA3D7E3 /* Frameworks */ = {
			isa = PBXGroup;
			children = (
				CA7FC780BFF6C7979C58E022 /* Pods_Memento.framework */,
			);
			name = Frameworks;
			sourceTree = "<group>";
		};
		D97C6C3A21BAF72A00B3813C /* UserModel */ = {
			isa = PBXGroup;
			children = (
				D97C6C3B21BAF74B00B3813C /* UserModel.swift */,
			);
			path = UserModel;
			sourceTree = "<group>";
		};
		D98DC07B21C5B2E2002787E9 /* AppModel */ = {
			isa = PBXGroup;
			children = (
				D98DC07C21C5B318002787E9 /* NoteModel.swift */,
				D98DC07E21C5CE5A002787E9 /* ProfileModel.swift */,
				D98DC08021C5CE69002787E9 /* SearchModel.swift */,
				D98DC08221C6C850002787E9 /* DetailedUserModel.swift */,
			);
			path = AppModel;
			sourceTree = "<group>";
		};
		D9D141AA21B72A1B00A9F71C /* UserControllers */ = {
			isa = PBXGroup;
			children = (
				D9D141A821B7299B00A9F71C /* LoginViewController.swift */,
				D9D141AB21B72A5E00A9F71C /* SignUpViewController.swift */,
			);
			path = UserControllers;
			sourceTree = "<group>";
		};
		D9D9DC7B21A4522900ED7D01 = {
			isa = PBXGroup;
			children = (
				D9D9DC8621A4522900ED7D01 /* Memento */,
				D9D9DC8521A4522900ED7D01 /* Products */,
				3D3D7EAB6B7B45EE00634747 /* Pods */,
				D5806842FB32CEEEFEA3D7E3 /* Frameworks */,
			);
			sourceTree = "<group>";
		};
		D9D9DC8521A4522900ED7D01 /* Products */ = {
			isa = PBXGroup;
			children = (
				D9D9DC8421A4522900ED7D01 /* Memento.app */,
			);
			name = Products;
			sourceTree = "<group>";
		};
		D9D9DC8621A4522900ED7D01 /* Memento */ = {
			isa = PBXGroup;
			children = (
				D98DC07B21C5B2E2002787E9 /* AppModel */,
				D97C6C3A21BAF72A00B3813C /* UserModel */,
				D9D141AA21B72A1B00A9F71C /* UserControllers */,
				D9D9DC9921A467F900ED7D01 /* TabBarControllers */,
				D9D9DC8721A4522900ED7D01 /* AppDelegate.swift */,
				D9D141A621B6ED4A00A9F71C /* Assets.xcassets */,
				D9D9DC8921A4522900ED7D01 /* ViewController.swift */,
				D9D9DC8B21A4522900ED7D01 /* Main.storyboard */,
				D9D9DC9021A4522B00ED7D01 /* LaunchScreen.storyboard */,
				D9D9DC9321A4522B00ED7D01 /* Info.plist */,
			);
			path = Memento;
			sourceTree = "<group>";
		};
		D9D9DC9921A467F900ED7D01 /* TabBarControllers */ = {
			isa = PBXGroup;
			children = (
				D9D9DC9A21A469A700ED7D01 /* MainPageTabBarController.swift */,
				D97C21E821C1A8ED00153B95 /* NoteViewController.swift */,
				D97C21DC21C10DB100153B95 /* ProfileViewController.swift */,
				D97C21E021C10E1200153B95 /* SearchUserViewController.swift */,
				D97C21E221C10E3400153B95 /* DetailedUserViewController.swift */,
			);
			path = TabBarControllers;
			sourceTree = "<group>";
		};
/* End PBXGroup section */

/* Begin PBXNativeTarget section */
		D9D9DC8321A4522900ED7D01 /* Memento */ = {
			isa = PBXNativeTarget;
			buildConfigurationList = D9D9DC9621A4522B00ED7D01 /* Build configuration list for PBXNativeTarget "Memento" */;
			buildPhases = (
				369A918F026B9A28A790076B /* [CP] Check Pods Manifest.lock */,
				D9D9DC8021A4522900ED7D01 /* Sources */,
				D9D9DC8121A4522900ED7D01 /* Frameworks */,
				D9D9DC8221A4522900ED7D01 /* Resources */,
				223BC96C8A3FAFB24145D879 /* [CP] Embed Pods Frameworks */,
			);
			buildRules = (
			);
			dependencies = (
			);
			name = Memento;
			productName = Memento;
			productReference = D9D9DC8421A4522900ED7D01 /* Memento.app */;
			productType = "com.apple.product-type.application";
		};
/* End PBXNativeTarget section */

/* Begin PBXProject section */
		D9D9DC7C21A4522900ED7D01 /* Project object */ = {
			isa = PBXProject;
			attributes = {
				LastSwiftUpdateCheck = 1010;
				LastUpgradeCheck = 1010;
				ORGANIZATIONNAME = Brothers;
				TargetAttributes = {
					D9D9DC8321A4522900ED7D01 = {
						CreatedOnToolsVersion = 10.1;
					};
				};
			};
			buildConfigurationList = D9D9DC7F21A4522900ED7D01 /* Build configuration list for PBXProject "Memento" */;
			compatibilityVersion = "Xcode 9.3";
			developmentRegion = en;
			hasScannedForEncodings = 0;
			knownRegions = (
				en,
				Base,
			);
			mainGroup = D9D9DC7B21A4522900ED7D01;
			productRefGroup = D9D9DC8521A4522900ED7D01 /* Products */;
			projectDirPath = "";
			projectRoot = "";
			targets = (
				D9D9DC8321A4522900ED7D01 /* Memento */,
			);
		};
/* End PBXProject section */

/* Begin PBXResourcesBuildPhase section */
		D9D9DC8221A4522900ED7D01 /* Resources */ = {
			isa = PBXResourcesBuildPhase;
			buildActionMask = 2147483647;
			files = (
				D9D9DC9221A4522B00ED7D01 /* LaunchScreen.storyboard in Resources */,
				D9D141A721B6ED4A00A9F71C /* Assets.xcassets in Resources */,
				D9D9DC8D21A4522900ED7D01 /* Main.storyboard in Resources */,
			);
			runOnlyForDeploymentPostprocessing = 0;
		};
/* End PBXResourcesBuildPhase section */

/* Begin PBXShellScriptBuildPhase section */
		223BC96C8A3FAFB24145D879 /* [CP] Embed Pods Frameworks */ = {
			isa = PBXShellScriptBuildPhase;
			buildActionMask = 2147483647;
			files = (
			);
			inputPaths = (
				"${SRCROOT}/Pods/Target Support Files/Pods-Memento/Pods-Memento-frameworks.sh",
				"${BUILT_PRODUCTS_DIR}/Bolts/Bolts.framework",
				"${BUILT_PRODUCTS_DIR}/Parse/Parse.framework",
				"${BUILT_PRODUCTS_DIR}/SwipeableTabBarController/SwipeableTabBarController.framework",
			);
			name = "[CP] Embed Pods Frameworks";
			outputPaths = (
				"${TARGET_BUILD_DIR}/${FRAMEWORKS_FOLDER_PATH}/Bolts.framework",
				"${TARGET_BUILD_DIR}/${FRAMEWORKS_FOLDER_PATH}/Parse.framework",
				"${TARGET_BUILD_DIR}/${FRAMEWORKS_FOLDER_PATH}/SwipeableTabBarController.framework",
			);
			runOnlyForDeploymentPostprocessing = 0;
			shellPath = /bin/sh;
			shellScript = "\"${SRCROOT}/Pods/Target Support Files/Pods-Memento/Pods-Memento-frameworks.sh\"\n";
			showEnvVarsInLog = 0;
		};
		369A918F026B9A28A790076B /* [CP] Check Pods Manifest.lock */ = {
			isa = PBXShellScriptBuildPhase;
			buildActionMask = 2147483647;
			files = (
			);
			inputPaths = (
				"${PODS_PODFILE_DIR_PATH}/Podfile.lock",
				"${PODS_ROOT}/Manifest.lock",
			);
			name = "[CP] Check Pods Manifest.lock";
			outputPaths = (
				"$(DERIVED_FILE_DIR)/Pods-Memento-checkManifestLockResult.txt",
			);
			runOnlyForDeploymentPostprocessing = 0;
			shellPath = /bin/sh;
			shellScript = "diff \"${PODS_PODFILE_DIR_PATH}/Podfile.lock\" \"${PODS_ROOT}/Manifest.lock\" > /dev/null\nif [ $? != 0 ] ; then\n    # print error to STDERR\n    echo \"error: The sandbox is not in sync with the Podfile.lock. Run 'pod install' or update your CocoaPods installation.\" >&2\n    exit 1\nfi\n# This output is used by Xcode 'outputs' to avoid re-running this script phase.\necho \"SUCCESS\" > \"${SCRIPT_OUTPUT_FILE_0}\"\n";
			showEnvVarsInLog = 0;
		};
/* End PBXShellScriptBuildPhase section */

/* Begin PBXSourcesBuildPhase section */
		D9D9DC8021A4522900ED7D01 /* Sources */ = {
			isa = PBXSourcesBuildPhase;
			buildActionMask = 2147483647;
			files = (
				D98DC08121C5CE69002787E9 /* SearchModel.swift in Sources */,
				D9D141A921B7299B00A9F71C /* LoginViewController.swift in Sources */,
				D97C21E321C10E3400153B95 /* DetailedUserViewController.swift in Sources */,
				D9D9DC9B21A469A700ED7D01 /* MainPageTabBarController.swift in Sources */,
				D98DC07F21C5CE5A002787E9 /* ProfileModel.swift in Sources */,
				D9D9DC8A21A4522900ED7D01 /* ViewController.swift in Sources */,
				D9D9DC8821A4522900ED7D01 /* AppDelegate.swift in Sources */,
				D97C21DD21C10DB100153B95 /* ProfileViewController.swift in Sources */,
				D97C21E121C10E1200153B95 /* SearchUserViewController.swift in Sources */,
				D98DC07D21C5B318002787E9 /* NoteModel.swift in Sources */,
				D98DC08321C6C850002787E9 /* DetailedUserModel.swift in Sources */,
				D97C6C3C21BAF74B00B3813C /* UserModel.swift in Sources */,
				D97C21E921C1A8ED00153B95 /* NoteViewController.swift in Sources */,
				D9D141AC21B72A5E00A9F71C /* SignUpViewController.swift in Sources */,
			);
			runOnlyForDeploymentPostprocessing = 0;
		};
/* End PBXSourcesBuildPhase section */

/* Begin PBXVariantGroup section */
		D9D9DC8B21A4522900ED7D01 /* Main.storyboard */ = {
			isa = PBXVariantGroup;
			children = (
				D9D9DC8C21A4522900ED7D01 /* Base */,
			);
			name = Main.storyboard;
			sourceTree = "<group>";
		};
		D9D9DC9021A4522B00ED7D01 /* LaunchScreen.storyboard */ = {
			isa = PBXVariantGroup;
			children = (
				D9D9DC9121A4522B00ED7D01 /* Base */,
			);
			name = LaunchScreen.storyboard;
			sourceTree = "<group>";
		};
/* End PBXVariantGroup section */

/* Begin XCBuildConfiguration section */
		D9D9DC9421A4522B00ED7D01 /* Debug */ = {
			isa = XCBuildConfiguration;
			buildSettings = {
				ALWAYS_SEARCH_USER_PATHS = NO;
				CLANG_ANALYZER_NONNULL = YES;
				CLANG_ANALYZER_NUMBER_OBJECT_CONVERSION = YES_AGGRESSIVE;
				CLANG_CXX_LANGUAGE_STANDARD = "gnu++14";
				CLANG_CXX_LIBRARY = "libc++";
				CLANG_ENABLE_MODULES = YES;
				CLANG_ENABLE_OBJC_ARC = YES;
				CLANG_ENABLE_OBJC_WEAK = YES;
				CLANG_WARN_BLOCK_CAPTURE_AUTORELEASING = YES;
				CLANG_WARN_BOOL_CONVERSION = YES;
				CLANG_WARN_COMMA = YES;
				CLANG_WARN_CONSTANT_CONVERSION = YES;
				CLANG_WARN_DEPRECATED_OBJC_IMPLEMENTATIONS = YES;
				CLANG_WARN_DIRECT_OBJC_ISA_USAGE = YES_ERROR;
				CLANG_WARN_DOCUMENTATION_COMMENTS = YES;
				CLANG_WARN_EMPTY_BODY = YES;
				CLANG_WARN_ENUM_CONVERSION = YES;
				CLANG_WARN_INFINITE_RECURSION = YES;
				CLANG_WARN_INT_CONVERSION = YES;
				CLANG_WARN_NON_LITERAL_NULL_CONVERSION = YES;
				CLANG_WARN_OBJC_IMPLICIT_RETAIN_SELF = YES;
				CLANG_WARN_OBJC_LITERAL_CONVERSION = YES;
				CLANG_WARN_OBJC_ROOT_CLASS = YES_ERROR;
				CLANG_WARN_RANGE_LOOP_ANALYSIS = YES;
				CLANG_WARN_STRICT_PROTOTYPES = YES;
				CLANG_WARN_SUSPICIOUS_MOVE = YES;
				CLANG_WARN_UNGUARDED_AVAILABILITY = YES_AGGRESSIVE;
				CLANG_WARN_UNREACHABLE_CODE = YES;
				CLANG_WARN__DUPLICATE_METHOD_MATCH = YES;
				CODE_SIGN_IDENTITY = "iPhone Developer";
				COPY_PHASE_STRIP = NO;
				DEBUG_INFORMATION_FORMAT = dwarf;
				ENABLE_STRICT_OBJC_MSGSEND = YES;
				ENABLE_TESTABILITY = YES;
				GCC_C_LANGUAGE_STANDARD = gnu11;
				GCC_DYNAMIC_NO_PIC = NO;
				GCC_NO_COMMON_BLOCKS = YES;
				GCC_OPTIMIZATION_LEVEL = 0;
				GCC_PREPROCESSOR_DEFINITIONS = (
					"DEBUG=1",
					"$(inherited)",
				);
				GCC_WARN_64_TO_32_BIT_CONVERSION = YES;
				GCC_WARN_ABOUT_RETURN_TYPE = YES_ERROR;
				GCC_WARN_UNDECLARED_SELECTOR = YES;
				GCC_WARN_UNINITIALIZED_AUTOS = YES_AGGRESSIVE;
				GCC_WARN_UNUSED_FUNCTION = YES;
				GCC_WARN_UNUSED_VARIABLE = YES;
				IPHONEOS_DEPLOYMENT_TARGET = 12.1;
				MTL_ENABLE_DEBUG_INFO = INCLUDE_SOURCE;
				MTL_FAST_MATH = YES;
				ONLY_ACTIVE_ARCH = YES;
				SDKROOT = iphoneos;
				SWIFT_ACTIVE_COMPILATION_CONDITIONS = DEBUG;
				SWIFT_OPTIMIZATION_LEVEL = "-Onone";
			};
			name = Debug;
		};
		D9D9DC9521A4522B00ED7D01 /* Release */ = {
			isa = XCBuildConfiguration;
			buildSettings = {
				ALWAYS_SEARCH_USER_PATHS = NO;
				CLANG_ANALYZER_NONNULL = YES;
				CLANG_ANALYZER_NUMBER_OBJECT_CONVERSION = YES_AGGRESSIVE;
				CLANG_CXX_LANGUAGE_STANDARD = "gnu++14";
				CLANG_CXX_LIBRARY = "libc++";
				CLANG_ENABLE_MODULES = YES;
				CLANG_ENABLE_OBJC_ARC = YES;
				CLANG_ENABLE_OBJC_WEAK = YES;
				CLANG_WARN_BLOCK_CAPTURE_AUTORELEASING = YES;
				CLANG_WARN_BOOL_CONVERSION = YES;
				CLANG_WARN_COMMA = YES;
				CLANG_WARN_CONSTANT_CONVERSION = YES;
				CLANG_WARN_DEPRECATED_OBJC_IMPLEMENTATIONS = YES;
				CLANG_WARN_DIRECT_OBJC_ISA_USAGE = YES_ERROR;
				CLANG_WARN_DOCUMENTATION_COMMENTS = YES;
				CLANG_WARN_EMPTY_BODY = YES;
				CLANG_WARN_ENUM_CONVERSION = YES;
				CLANG_WARN_INFINITE_RECURSION = YES;
				CLANG_WARN_INT_CONVERSION = YES;
				CLANG_WARN_NON_LITERAL_NULL_CONVERSION = YES;
				CLANG_WARN_OBJC_IMPLICIT_RETAIN_SELF = YES;
				CLANG_WARN_OBJC_LITERAL_CONVERSION = YES;
				CLANG_WARN_OBJC_ROOT_CLASS = YES_ERROR;
				CLANG_WARN_RANGE_LOOP_ANALYSIS = YES;
				CLANG_WARN_STRICT_PROTOTYPES = YES;
				CLANG_WARN_SUSPICIOUS_MOVE = YES;
				CLANG_WARN_UNGUARDED_AVAILABILITY = YES_AGGRESSIVE;
				CLANG_WARN_UNREACHABLE_CODE = YES;
				CLANG_WARN__DUPLICATE_METHOD_MATCH = YES;
				CODE_SIGN_IDENTITY = "iPhone Developer";
				COPY_PHASE_STRIP = NO;
				DEBUG_INFORMATION_FORMAT = "dwarf-with-dsym";
				ENABLE_NS_ASSERTIONS = NO;
				ENABLE_STRICT_OBJC_MSGSEND = YES;
				GCC_C_LANGUAGE_STANDARD = gnu11;
				GCC_NO_COMMON_BLOCKS = YES;
				GCC_WARN_64_TO_32_BIT_CONVERSION = YES;
				GCC_WARN_ABOUT_RETURN_TYPE = YES_ERROR;
				GCC_WARN_UNDECLARED_SELECTOR = YES;
				GCC_WARN_UNINITIALIZED_AUTOS = YES_AGGRESSIVE;
				GCC_WARN_UNUSED_FUNCTION = YES;
				GCC_WARN_UNUSED_VARIABLE = YES;
				IPHONEOS_DEPLOYMENT_TARGET = 12.1;
				MTL_ENABLE_DEBUG_INFO = NO;
				MTL_FAST_MATH = YES;
				SDKROOT = iphoneos;
				SWIFT_COMPILATION_MODE = wholemodule;
				SWIFT_OPTIMIZATION_LEVEL = "-O";
				VALIDATE_PRODUCT = YES;
			};
			name = Release;
		};
		D9D9DC9721A4522B00ED7D01 /* Debug */ = {
			isa = XCBuildConfiguration;
			baseConfigurationReference = 5E61734F26103A665159BB21 /* Pods-Memento.debug.xcconfig */;
			buildSettings = {
				ASSETCATALOG_COMPILER_APPICON_NAME = AppIcon;
				CODE_SIGN_STYLE = Automatic;
				DEVELOPMENT_TEAM = TZ85C39H9C;
				INFOPLIST_FILE = Memento/Info.plist;
				LD_RUNPATH_SEARCH_PATHS = (
					"$(inherited)",
					"@executable_path/Frameworks",
				);
				PRODUCT_BUNDLE_IDENTIFIER = com.brothers.Memento;
				PRODUCT_NAME = "$(TARGET_NAME)";
				SWIFT_VERSION = 4.2;
				TARGETED_DEVICE_FAMILY = "1,2";
			};
			name = Debug;
		};
		D9D9DC9821A4522B00ED7D01 /* Release */ = {
			isa = XCBuildConfiguration;
			baseConfigurationReference = 1F7258168D67FECE98B0FE28 /* Pods-Memento.release.xcconfig */;
			buildSettings = {
				ASSETCATALOG_COMPILER_APPICON_NAME = AppIcon;
				CODE_SIGN_STYLE = Automatic;
				DEVELOPMENT_TEAM = TZ85C39H9C;
				INFOPLIST_FILE = Memento/Info.plist;
				LD_RUNPATH_SEARCH_PATHS = (
					"$(inherited)",
					"@executable_path/Frameworks",
				);
				PRODUCT_BUNDLE_IDENTIFIER = com.brothers.Memento;
				PRODUCT_NAME = "$(TARGET_NAME)";
				SWIFT_VERSION = 4.2;
				TARGETED_DEVICE_FAMILY = "1,2";
			};
			name = Release;
		};
/* End XCBuildConfiguration section */

/* Begin XCConfigurationList section */
		D9D9DC7F21A4522900ED7D01 /* Build configuration list for PBXProject "Memento" */ = {
			isa = XCConfigurationList;
			buildConfigurations = (
				D9D9DC9421A4522B00ED7D01 /* Debug */,
				D9D9DC9521A4522B00ED7D01 /* Release */,
			);
			defaultConfigurationIsVisible = 0;
			defaultConfigurationName = Release;
		};
		D9D9DC9621A4522B00ED7D01 /* Build configuration list for PBXNativeTarget "Memento" */ = {
			isa = XCConfigurationList;
			buildConfigurations = (
				D9D9DC9721A4522B00ED7D01 /* Debug */,
				D9D9DC9821A4522B00ED7D01 /* Release */,
			);
			defaultConfigurationIsVisible = 0;
			defaultConfigurationName = Release;
		};
/* End XCConfigurationList section */
	};
	rootObject = D9D9DC7C21A4522900ED7D01 /* Project object */;
}
